
Microsoft Visual Studio Solution File, Format Version 12.00
# Visual Studio Version 16
VisualStudioVersion = 16.0.29613.14
MinimumVisualStudioVersion = 10.0.40219.1
Project("{FAE04EC0-301F-11D3-BF4B-00C04F79EFBC}") = "App1.UWP", "App1\App1.UWP\App1.UWP.csproj", "{D2D6C867-54FB-435F-973A-3FD238C26E2C}"
EndProject
Project("{FAE04EC0-301F-11D3-BF4B-00C04F79EFBC}") = "App1.Android", "App1\App1.Android\App1.Android.csproj", "{74A2B97C-A833-4C63-B7B1-AEAC7F19C46C}"
EndProject
Project("{FAE04EC0-301F-11D3-BF4B-00C04F79EFBC}") = "App1.iOS", "App1\App1.iOS\App1.iOS.csproj", "{32DBA859-CC02-4935-A0FA-38EE34F6407B}"
EndProject
Project("{FAE04EC0-301F-11D3-BF4B-00C04F79EFBC}") = "App1", "App1\App1\App1.csproj", "{34B1250F-DD22-4668-8BBB-D1B4F1486AD0}"
EndProject
Global
	GlobalSection(SolutionConfigurationPlatforms) = preSolution
		Debug|Any CPU = Debug|Any CPU
		Debug|ARM = Debug|ARM
		Debug|iPhone = Debug|iPhone
		Debug|iPhoneSimulator = Debug|iPhoneSimulator
		Debug|x64 = Debug|x64
		Debug|x86 = Debug|x86
		Release|Any CPU = Release|Any CPU
		Release|ARM = Release|ARM
		Release|iPhone = Release|iPhone
		Release|iPhoneSimulator = Release|iPhoneSimulator
		Release|x64 = Release|x64
		Release|x86 = Release|x86
	EndGlobalSection
	GlobalSection(ProjectConfigurationPlatforms) = postSolution
		{D2D6C867-54FB-435F-973A-3FD238C26E2C}.Debug|Any CPU.ActiveCfg = Debug|x86
		{D2D6C867-54FB-435F-973A-3FD238C26E2C}.Debug|Any CPU.Build.0 = Debug|x86
		{D2D6C867-54FB-435F-973A-3FD238C26E2C}.Debug|Any CPU.Deploy.0 = Debug|x86
		{D2D6C867-54FB-435F-973A-3FD238C26E2C}.Debug|ARM.ActiveCfg = Debug|ARM
		{D2D6C867-54FB-435F-973A-3FD238C26E2C}.Debug|ARM.Build.0 = Debug|ARM
		{D2D6C867-54FB-435F-973A-3FD238C26E2C}.Debug|ARM.Deploy.0 = Debug|ARM
		{D2D6C867-54FB-435F-973A-3FD238C26E2C}.Debug|iPhone.ActiveCfg = Debug|x86
		{D2D6C867-54FB-435F-973A-3FD238C26E2C}.Debug|iPhone.Build.0 = Debug|x86
		{D2D6C867-54FB-435F-973A-3FD238C26E2C}.Debug|iPhone.Deploy.0 = Debug|x86
		{D2D6C867-54FB-435F-973A-3FD238C26E2C}.Debug|iPhoneSimulator.ActiveCfg = Debug|x86
		{D2D6C867-54FB-435F-973A-3FD238C26E2C}.Debug|iPhoneSimulator.Build.0 = Debug|x86
		{D2D6C867-54FB-435F-973A-3FD238C26E2C}.Debug|iPhoneSimulator.Deploy.0 = Debug|x86
		{D2D6C867-54FB-435F-973A-3FD238C26E2C}.Debug|x64.ActiveCfg = Debug|x64
		{D2D6C867-54FB-435F-973A-3FD238C26E2C}.Debug|x64.Build.0 = Debug|x64
		{D2D6C867-54FB-435F-973A-3FD238C26E2C}.Debug|x64.Deploy.0 = Debug|x64
		{D2D6C867-54FB-435F-973A-3FD238C26E2C}.Debug|x86.ActiveCfg = Debug|x86
		{D2D6C867-54FB-435F-973A-3FD238C26E2C}.Debug|x86.Build.0 = Debug|x86
		{D2D6C867-54FB-435F-973A-3FD238C26E2C}.Debug|x86.Deploy.0 = Debug|x86
		{D2D6C867-54FB-435F-973A-3FD238C26E2C}.Release|Any CPU.ActiveCfg = Release|x86
		{D2D6C867-54FB-435F-973A-3FD238C26E2C}.Release|Any CPU.Build.0 = Release|x86
		{D2D6C867-54FB-435F-973A-3FD238C26E2C}.Release|Any CPU.Deploy.0 = Release|x86
		{D2D6C867-54FB-435F-973A-3FD238C26E2C}.Release|ARM.ActiveCfg = Release|ARM
		{D2D6C867-54FB-435F-973A-3FD238C26E2C}.Release|ARM.Build.0 = Release|ARM
		{D2D6C867-54FB-435F-973A-3FD238C26E2C}.Release|ARM.Deploy.0 = Release|ARM
		{D2D6C867-54FB-435F-973A-3FD238C26E2C}.Release|iPhone.ActiveCfg = Release|x86
		{D2D6C867-54FB-435F-973A-3FD238C26E2C}.Release|iPhone.Build.0 = Release|x86
		{D2D6C867-54FB-435F-973A-3FD238C26E2C}.Release|iPhone.Deploy.0 = Release|x86
		{D2D6C867-54FB-435F-973A-3FD238C26E2C}.Release|iPhoneSimulator.ActiveCfg = Release|x86
		{D2D6C867-54FB-435F-973A-3FD238C26E2C}.Release|iPhoneSimulator.Build.0 = Release|x86
		{D2D6C867-54FB-435F-973A-3FD238C26E2C}.Release|iPhoneSimulator.Deploy.0 = Release|x86
		{D2D6C867-54FB-435F-973A-3FD238C26E2C}.Release|x64.ActiveCfg = Release|x64
		{D2D6C867-54FB-435F-973A-3FD238C26E2C}.Release|x64.Build.0 = Release|x64
		{D2D6C867-54FB-435F-973A-3FD238C26E2C}.Release|x64.Deploy.0 = Release|x64
		{D2D6C867-54FB-435F-973A-3FD238C26E2C}.Release|x86.ActiveCfg = Release|x86
		{D2D6C867-54FB-435F-973A-3FD238C26E2C}.Release|x86.Build.0 = Release|x86
		{D2D6C867-54FB-435F-973A-3FD238C26E2C}.Release|x86.Deploy.0 = Release|x86
		{74A2B97C-A833-4C63-B7B1-AEAC7F19C46C}.Debug|Any CPU.ActiveCfg = Debug|Any CPU
		{74A2B97C-A833-4C63-B7B1-AEAC7F19C46C}.Debug|Any CPU.Build.0 = Debug|Any CPU
		{74A2B97C-A833-4C63-B7B1-AEAC7F19C46C}.Debug|Any CPU.Deploy.0 = Debug|Any CPU
		{74A2B97C-A833-4C63-B7B1-AEAC7F19C46C}.Debug|ARM.ActiveCfg = Debug|Any CPU
		{74A2B97C-A833-4C63-B7B1-AEAC7F19C46C}.Debug|ARM.Build.0 = Debug|Any CPU
		{74A2B97C-A833-4C63-B7B1-AEAC7F19C46C}.Debug|ARM.Deploy.0 = Debug|Any CPU
		{74A2B97C-A833-4C63-B7B1-AEAC7F19C46C}.Debug|iPhone.ActiveCfg = Debug|Any CPU
		{74A2B97C-A833-4C63-B7B1-AEAC7F19C46C}.Debug|iPhone.Build.0 = Debug|Any CPU
		{74A2B97C-A833-4C63-B7B1-AEAC7F19C46C}.Debug|iPhone.Deploy.0 = Debug|Any CPU
		{74A2B97C-A833-4C63-B7B1-AEAC7F19C46C}.Debug|iPhoneSimulator.ActiveCfg = Debug|Any CPU
		{74A2B97C-A833-4C63-B7B1-AEAC7F19C46C}.Debug|iPhoneSimulator.Build.0 = Debug|Any CPU
		{74A2B97C-A833-4C63-B7B1-AEAC7F19C46C}.Debug|iPhoneSimulator.Deploy.0 = Debug|Any CPU
		{74A2B97C-A833-4C63-B7B1-AEAC7F19C46C}.Debug|x64.ActiveCfg = Debug|Any CPU
		{74A2B97C-A833-4C63-B7B1-AEAC7F19C46C}.Debug|x64.Build.0 = Debug|Any CPU
		{74A2B97C-A833-4C63-B7B1-AEAC7F19C46C}.Debug|x64.Deploy.0 = Debug|Any CPU
		{74A2B97C-A833-4C63-B7B1-AEAC7F19C46C}.Debug|x86.ActiveCfg = Debug|Any CPU
		{74A2B97C-A833-4C63-B7B1-AEAC7F19C46C}.Debug|x86.Build.0 = Debug|Any CPU
		{74A2B97C-A833-4C63-B7B1-AEAC7F19C46C}.Debug|x86.Deploy.0 = Debug|Any CPU
		{74A2B97C-A833-4C63-B7B1-AEAC7F19C46C}.Release|Any CPU.ActiveCfg = Release|Any CPU
		{74A2B97C-A833-4C63-B7B1-AEAC7F19C46C}.Release|Any CPU.Build.0 = Release|Any CPU
		{74A2B97C-A833-4C63-B7B1-AEAC7F19C46C}.Release|Any CPU.Deploy.0 = Release|Any CPU
		{74A2B97C-A833-4C63-B7B1-AEAC7F19C46C}.Release|ARM.ActiveCfg = Release|Any CPU
		{74A2B97C-A833-4C63-B7B1-AEAC7F19C46C}.Release|ARM.Build.0 = Release|Any CPU
		{74A2B97C-A833-4C63-B7B1-AEAC7F19C46C}.Release|ARM.Deploy.0 = Release|Any CPU
		{74A2B97C-A833-4C63-B7B1-AEAC7F19C46C}.Release|iPhone.ActiveCfg = Release|Any CPU
		{74A2B97C-A833-4C63-B7B1-AEAC7F19C46C}.Release|iPhone.Build.0 = Release|Any CPU
		{74A2B97C-A833-4C63-B7B1-AEAC7F19C46C}.Release|iPhone.Deploy.0 = Release|Any CPU
		{74A2B97C-A833-4C63-B7B1-AEAC7F19C46C}.Release|iPhoneSimulator.ActiveCfg = Release|Any CPU
		{74A2B97C-A833-4C63-B7B1-AEAC7F19C46C}.Release|iPhoneSimulator.Build.0 = Release|Any CPU
		{74A2B97C-A833-4C63-B7B1-AEAC7F19C46C}.Release|iPhoneSimulator.Deploy.0 = Release|Any CPU
		{74A2B97C-A833-4C63-B7B1-AEAC7F19C46C}.Release|x64.ActiveCfg = Release|Any CPU
		{74A2B97C-A833-4C63-B7B1-AEAC7F19C46C}.Release|x64.Build.0 = Release|Any CPU
		{74A2B97C-A833-4C63-B7B1-AEAC7F19C46C}.Release|x64.Deploy.0 = Release|Any CPU
		{74A2B97C-A833-4C63-B7B1-AEAC7F19C46C}.Release|x86.ActiveCfg = Release|Any CPU
		{74A2B97C-A833-4C63-B7B1-AEAC7F19C46C}.Release|x86.Build.0 = Release|Any CPU
		{74A2B97C-A833-4C63-B7B1-AEAC7F19C46C}.Release|x86.Deploy.0 = Release|Any CPU
		{32DBA859-CC02-4935-A0FA-38EE34F6407B}.Debug|Any CPU.ActiveCfg = Debug|iPhone
		{32DBA859-CC02-4935-A0FA-38EE34F6407B}.Debug|Any CPU.Build.0 = Debug|iPhone
		{32DBA859-CC02-4935-A0FA-38EE34F6407B}.Debug|Any CPU.Deploy.0 = Debug|iPhone
		{32DBA859-CC02-4935-A0FA-38EE34F6407B}.Debug|ARM.ActiveCfg = Debug|iPhoneSimulator
		{32DBA859-CC02-4935-A0FA-38EE34F6407B}.Debug|ARM.Build.0 = Debug|iPhoneSimulator
		{32DBA859-CC02-4935-A0FA-38EE34F6407B}.Debug|ARM.Deploy.0 = Debug|iPhoneSimulator
		{32DBA859-CC02-4935-A0FA-38EE34F6407B}.Debug|iPhone.ActiveCfg = Debug|iPhone
		{32DBA859-CC02-4935-A0FA-38EE34F6407B}.Debug|iPhone.Build.0 = Debug|iPhone
		{32DBA859-CC02-4935-A0FA-38EE34F6407B}.Debug|iPhone.Deploy.0 = Debug|iPhone
		{32DBA859-CC02-4935-A0FA-38EE34F6407B}.Debug|iPhoneSimulator.ActiveCfg = Debug|iPhoneSimulator
		{32DBA859-CC02-4935-A0FA-38EE34F6407B}.Debug|iPhoneSimulator.Build.0 = Debug|iPhoneSimulator
		{32DBA859-CC02-4935-A0FA-38EE34F6407B}.Debug|iPhoneSimulator.Deploy.0 = Debug|iPhoneSimulator
		{32DBA859-CC02-4935-A0FA-38EE34F6407B}.Debug|x64.ActiveCfg = Debug|iPhone
		{32DBA859-CC02-4935-A0FA-38EE34F6407B}.Debug|x64.Build.0 = Debug|iPhone
		{32DBA859-CC02-4935-A0FA-38EE34F6407B}.Debug|x64.Deploy.0 = Debug|iPhone
		{32DBA859-CC02-4935-A0FA-38EE34F6407B}.Debug|x86.ActiveCfg = Debug|iPhone
		{32DBA859-CC02-4935-A0FA-38EE34F6407B}.Debug|x86.Build.0 = Debug|iPhone
		{32DBA859-CC02-4935-A0FA-38EE34F6407B}.Debug|x86.Deploy.0 = Debug|iPhone
		{32DBA859-CC02-4935-A0FA-38EE34F6407B}.Release|Any CPU.ActiveCfg = Release|iPhone
		{32DBA859-CC02-4935-A0FA-38EE34F6407B}.Release|Any CPU.Build.0 = Release|iPhone
		{32DBA859-CC02-4935-A0FA-38EE34F6407B}.Release|Any CPU.Deploy.0 = Release|iPhone
		{32DBA859-CC02-4935-A0FA-38EE34F6407B}.Release|ARM.ActiveCfg = Release|iPhone
		{32DBA859-CC02-4935-A0FA-38EE34F6407B}.Release|ARM.Build.0 = Release|iPhone
		{32DBA859-CC02-4935-A0FA-38EE34F6407B}.Release|ARM.Deploy.0 = Release|iPhone
		{32DBA859-CC02-4935-A0FA-38EE34F6407B}.Release|iPhone.ActiveCfg = Release|iPhone
		{32DBA859-CC02-4935-A0FA-38EE34F6407B}.Release|iPhone.Build.0 = Release|iPhone
		{32DBA859-CC02-4935-A0FA-38EE34F6407B}.Release|iPhone.Deploy.0 = Release|iPhone
		{32DBA859-CC02-4935-A0FA-38EE34F6407B}.Release|iPhoneSimulator.ActiveCfg = Release|iPhoneSimulator
		{32DBA859-CC02-4935-A0FA-38EE34F6407B}.Release|iPhoneSimulator.Build.0 = Release|iPhoneSimulator
		{32DBA859-CC02-4935-A0FA-38EE34F6407B}.Release|iPhoneSimulator.Deploy.0 = Release|iPhoneSimulator
		{32DBA859-CC02-4935-A0FA-38EE34F6407B}.Release|x64.ActiveCfg = Release|iPhone
		{32DBA859-CC02-4935-A0FA-38EE34F6407B}.Release|x64.Build.0 = Release|iPhone
		{32DBA859-CC02-4935-A0FA-38EE34F6407B}.Release|x64.Deploy.0 = Release|iPhone
		{32DBA859-CC02-4935-A0FA-38EE34F6407B}.Release|x86.ActiveCfg = Release|iPhone
		{32DBA859-CC02-4935-A0FA-38EE34F6407B}.Release|x86.Build.0 = Release|iPhone
		{32DBA859-CC02-4935-A0FA-38EE34F6407B}.Release|x86.Deploy.0 = Release|iPhone
		{34B1250F-DD22-4668-8BBB-D1B4F1486AD0}.Debug|Any CPU.ActiveCfg = Debug|Any CPU
		{34B1250F-DD22-4668-8BBB-D1B4F1486AD0}.Debug|Any CPU.Build.0 = Debug|Any CPU
		{34B1250F-DD22-4668-8BBB-D1B4F1486AD0}.Debug|Any CPU.Deploy.0 = Debug|Any CPU
		{34B1250F-DD22-4668-8BBB-D1B4F1486AD0}.Debug|ARM.ActiveCfg = Debug|Any CPU
		{34B1250F-DD22-4668-8BBB-D1B4F1486AD0}.Debug|ARM.Build.0 = Debug|Any CPU
		{34B1250F-DD22-4668-8BBB-D1B4F1486AD0}.Debug|ARM.Deploy.0 = Debug|Any CPU
		{34B1250F-DD22-4668-8BBB-D1B4F1486AD0}.Debug|iPhone.ActiveCfg = Debug|Any CPU
		{34B1250F-DD22-4668-8BBB-D1B4F1486AD0}.Debug|iPhone.Build.0 = Debug|Any CPU
		{34B1250F-DD22-4668-8BBB-D1B4F1486AD0}.Debug|iPhone.Deploy.0 = Debug|Any CPU
		{34B1250F-DD22-4668-8BBB-D1B4F1486AD0}.Debug|iPhoneSimulator.ActiveCfg = Debug|Any CPU
		{34B1250F-DD22-4668-8BBB-D1B4F1486AD0}.Debug|iPhoneSimulator.Build.0 = Debug|Any CPU
		{34B1250F-DD22-4668-8BBB-D1B4F1486AD0}.Debug|iPhoneSimulator.Deploy.0 = Debug|Any CPU
		{34B1250F-DD22-4668-8BBB-D1B4F1486AD0}.Debug|x64.ActiveCfg = Debug|Any CPU
		{34B1250F-DD22-4668-8BBB-D1B4F1486AD0}.Debug|x64.Build.0 = Debug|Any CPU
		{34B1250F-DD22-4668-8BBB-D1B4F1486AD0}.Debug|x64.Deploy.0 = Debug|Any CPU
		{34B1250F-DD22-4668-8BBB-D1B4F1486AD0}.Debug|x86.ActiveCfg = Debug|Any CPU
		{34B1250F-DD22-4668-8BBB-D1B4F1486AD0}.Debug|x86.Build.0 = Debug|Any CPU
		{34B1250F-DD22-4668-8BBB-D1B4F1486AD0}.Debug|x86.Deploy.0 = Debug|Any CPU
		{34B1250F-DD22-4668-8BBB-D1B4F1486AD0}.Release|Any CPU.ActiveCfg = Release|Any CPU
		{34B1250F-DD22-4668-8BBB-D1B4F1486AD0}.Release|Any CPU.Build.0 = Release|Any CPU
		{34B1250F-DD22-4668-8BBB-D1B4F1486AD0}.Release|Any CPU.Deploy.0 = Release|Any CPU
		{34B1250F-DD22-4668-8BBB-D1B4F1486AD0}.Release|ARM.ActiveCfg = Release|Any CPU
		{34B1250F-DD22-4668-8BBB-D1B4F1486AD0}.Release|ARM.Build.0 = Release|Any CPU
		{34B1250F-DD22-4668-8BBB-D1B4F1486AD0}.Release|ARM.Deploy.0 = Release|Any CPU
		{34B1250F-DD22-4668-8BBB-D1B4F1486AD0}.Release|iPhone.ActiveCfg = Release|Any CPU
		{34B1250F-DD22-4668-8BBB-D1B4F1486AD0}.Release|iPhone.Build.0 = Release|Any CPU
		{34B1250F-DD22-4668-8BBB-D1B4F1486AD0}.Release|iPhone.Deploy.0 = Release|Any CPU
		{34B1250F-DD22-4668-8BBB-D1B4F1486AD0}.Release|iPhoneSimulator.ActiveCfg = Release|Any CPU
		{34B1250F-DD22-4668-8BBB-D1B4F1486AD0}.Release|iPhoneSimulator.Build.0 = Release|Any CPU
		{34B1250F-DD22-4668-8BBB-D1B4F1486AD0}.Release|iPhoneSimulator.Deploy.0 = Release|Any CPU
		{34B1250F-DD22-4668-8BBB-D1B4F1486AD0}.Release|x64.ActiveCfg = Release|Any CPU
		{34B1250F-DD22-4668-8BBB-D1B4F1486AD0}.Release|x64.Build.0 = Release|Any CPU
		{34B1250F-DD22-4668-8BBB-D1B4F1486AD0}.Release|x64.Deploy.0 = Release|Any CPU
		{34B1250F-DD22-4668-8BBB-D1B4F1486AD0}.Release|x86.ActiveCfg = Release|Any CPU
		{34B1250F-DD22-4668-8BBB-D1B4F1486AD0}.Release|x86.Build.0 = Release|Any CPU
		{34B1250F-DD22-4668-8BBB-D1B4F1486AD0}.Release|x86.Deploy.0 = Release|Any CPU
	EndGlobalSection
	GlobalSection(SolutionProperties) = preSolution
		HideSolutionNode = FALSE
	EndGlobalSection
	GlobalSection(ExtensibilityGlobals) = postSolution
		SolutionGuid = {D300AEF8-3FB4-45CA-8970-0F75978ED653}
	EndGlobalSection
EndGlobal
