
Microsoft Visual Studio Solution File, Format Version 12.00
# Visual Studio Version 16
VisualStudioVersion = 16.0.29609.76
MinimumVisualStudioVersion = 10.0.40219.1
Project("{FAE04EC0-301F-11D3-BF4B-00C04F79EFBC}") = "MyApp.UWP", "MyApp\MyApp.UWP\MyApp.UWP.csproj", "{821F3505-837C-420B-9249-8EB696B305AC}"
EndProject
Project("{FAE04EC0-301F-11D3-BF4B-00C04F79EFBC}") = "MyApp.Android", "MyApp\MyApp.Android\MyApp.Android.csproj", "{1AC37215-5453-4D03-88DF-99358FBB882A}"
EndProject
Project("{FAE04EC0-301F-11D3-BF4B-00C04F79EFBC}") = "MyApp.iOS", "MyApp\MyApp.iOS\MyApp.iOS.csproj", "{D98CD877-4A03-4EDC-8F71-B40232B99625}"
EndProject
Project("{FAE04EC0-301F-11D3-BF4B-00C04F79EFBC}") = "MyApp", "MyApp\MyApp\MyApp.csproj", "{7401BE9B-CE33-4A3E-A951-7A14791EA085}"
EndProject
Global
	GlobalSection(SolutionConfigurationPlatforms) = preSolution
		Debug|Any CPU = Debug|Any CPU
		Debug|ARM = Debug|ARM
		Debug|iPhone = Debug|iPhone
		Debug|iPhoneSimulator = Debug|iPhoneSimulator
		Debug|x64 = Debug|x64
		Debug|x86 = Debug|x86
		Release|Any CPU = Release|Any CPU
		Release|ARM = Release|ARM
		Release|iPhone = Release|iPhone
		Release|iPhoneSimulator = Release|iPhoneSimulator
		Release|x64 = Release|x64
		Release|x86 = Release|x86
	EndGlobalSection
	GlobalSection(ProjectConfigurationPlatforms) = postSolution
		{821F3505-837C-420B-9249-8EB696B305AC}.Debug|Any CPU.ActiveCfg = Debug|x86
		{821F3505-837C-420B-9249-8EB696B305AC}.Debug|Any CPU.Build.0 = Debug|x86
		{821F3505-837C-420B-9249-8EB696B305AC}.Debug|Any CPU.Deploy.0 = Debug|x86
		{821F3505-837C-420B-9249-8EB696B305AC}.Debug|ARM.ActiveCfg = Debug|ARM
		{821F3505-837C-420B-9249-8EB696B305AC}.Debug|ARM.Build.0 = Debug|ARM
		{821F3505-837C-420B-9249-8EB696B305AC}.Debug|ARM.Deploy.0 = Debug|ARM
		{821F3505-837C-420B-9249-8EB696B305AC}.Debug|iPhone.ActiveCfg = Debug|x86
		{821F3505-837C-420B-9249-8EB696B305AC}.Debug|iPhone.Build.0 = Debug|x86
		{821F3505-837C-420B-9249-8EB696B305AC}.Debug|iPhone.Deploy.0 = Debug|x86
		{821F3505-837C-420B-9249-8EB696B305AC}.Debug|iPhoneSimulator.ActiveCfg = Debug|x86
		{821F3505-837C-420B-9249-8EB696B305AC}.Debug|iPhoneSimulator.Build.0 = Debug|x86
		{821F3505-837C-420B-9249-8EB696B305AC}.Debug|iPhoneSimulator.Deploy.0 = Debug|x86
		{821F3505-837C-420B-9249-8EB696B305AC}.Debug|x64.ActiveCfg = Debug|x64
		{821F3505-837C-420B-9249-8EB696B305AC}.Debug|x64.Build.0 = Debug|x64
		{821F3505-837C-420B-9249-8EB696B305AC}.Debug|x64.Deploy.0 = Debug|x64
		{821F3505-837C-420B-9249-8EB696B305AC}.Debug|x86.ActiveCfg = Debug|x86
		{821F3505-837C-420B-9249-8EB696B305AC}.Debug|x86.Build.0 = Debug|x86
		{821F3505-837C-420B-9249-8EB696B305AC}.Debug|x86.Deploy.0 = Debug|x86
		{821F3505-837C-420B-9249-8EB696B305AC}.Release|Any CPU.ActiveCfg = Release|x86
		{821F3505-837C-420B-9249-8EB696B305AC}.Release|Any CPU.Build.0 = Release|x86
		{821F3505-837C-420B-9249-8EB696B305AC}.Release|Any CPU.Deploy.0 = Release|x86
		{821F3505-837C-420B-9249-8EB696B305AC}.Release|ARM.ActiveCfg = Release|ARM
		{821F3505-837C-420B-9249-8EB696B305AC}.Release|ARM.Build.0 = Release|ARM
		{821F3505-837C-420B-9249-8EB696B305AC}.Release|ARM.Deploy.0 = Release|ARM
		{821F3505-837C-420B-9249-8EB696B305AC}.Release|iPhone.ActiveCfg = Release|x86
		{821F3505-837C-420B-9249-8EB696B305AC}.Release|iPhone.Build.0 = Release|x86
		{821F3505-837C-420B-9249-8EB696B305AC}.Release|iPhone.Deploy.0 = Release|x86
		{821F3505-837C-420B-9249-8EB696B305AC}.Release|iPhoneSimulator.ActiveCfg = Release|x86
		{821F3505-837C-420B-9249-8EB696B305AC}.Release|iPhoneSimulator.Build.0 = Release|x86
		{821F3505-837C-420B-9249-8EB696B305AC}.Release|iPhoneSimulator.Deploy.0 = Release|x86
		{821F3505-837C-420B-9249-8EB696B305AC}.Release|x64.ActiveCfg = Release|x64
		{821F3505-837C-420B-9249-8EB696B305AC}.Release|x64.Build.0 = Release|x64
		{821F3505-837C-420B-9249-8EB696B305AC}.Release|x64.Deploy.0 = Release|x64
		{821F3505-837C-420B-9249-8EB696B305AC}.Release|x86.ActiveCfg = Release|x86
		{821F3505-837C-420B-9249-8EB696B305AC}.Release|x86.Build.0 = Release|x86
		{821F3505-837C-420B-9249-8EB696B305AC}.Release|x86.Deploy.0 = Release|x86
		{1AC37215-5453-4D03-88DF-99358FBB882A}.Debug|Any CPU.ActiveCfg = Debug|Any CPU
		{1AC37215-5453-4D03-88DF-99358FBB882A}.Debug|Any CPU.Build.0 = Debug|Any CPU
		{1AC37215-5453-4D03-88DF-99358FBB882A}.Debug|Any CPU.Deploy.0 = Debug|Any CPU
		{1AC37215-5453-4D03-88DF-99358FBB882A}.Debug|ARM.ActiveCfg = Debug|Any CPU
		{1AC37215-5453-4D03-88DF-99358FBB882A}.Debug|ARM.Build.0 = Debug|Any CPU
		{1AC37215-5453-4D03-88DF-99358FBB882A}.Debug|ARM.Deploy.0 = Debug|Any CPU
		{1AC37215-5453-4D03-88DF-99358FBB882A}.Debug|iPhone.ActiveCfg = Debug|Any CPU
		{1AC37215-5453-4D03-88DF-99358FBB882A}.Debug|iPhone.Build.0 = Debug|Any CPU
		{1AC37215-5453-4D03-88DF-99358FBB882A}.Debug|iPhone.Deploy.0 = Debug|Any CPU
		{1AC37215-5453-4D03-88DF-99358FBB882A}.Debug|iPhoneSimulator.ActiveCfg = Debug|Any CPU
		{1AC37215-5453-4D03-88DF-99358FBB882A}.Debug|iPhoneSimulator.Build.0 = Debug|Any CPU
		{1AC37215-5453-4D03-88DF-99358FBB882A}.Debug|iPhoneSimulator.Deploy.0 = Debug|Any CPU
		{1AC37215-5453-4D03-88DF-99358FBB882A}.Debug|x64.ActiveCfg = Debug|Any CPU
		{1AC37215-5453-4D03-88DF-99358FBB882A}.Debug|x64.Build.0 = Debug|Any CPU
		{1AC37215-5453-4D03-88DF-99358FBB882A}.Debug|x64.Deploy.0 = Debug|Any CPU
		{1AC37215-5453-4D03-88DF-99358FBB882A}.Debug|x86.ActiveCfg = Debug|Any CPU
		{1AC37215-5453-4D03-88DF-99358FBB882A}.Debug|x86.Build.0 = Debug|Any CPU
		{1AC37215-5453-4D03-88DF-99358FBB882A}.Debug|x86.Deploy.0 = Debug|Any CPU
		{1AC37215-5453-4D03-88DF-99358FBB882A}.Release|Any CPU.ActiveCfg = Release|Any CPU
		{1AC37215-5453-4D03-88DF-99358FBB882A}.Release|Any CPU.Build.0 = Release|Any CPU
		{1AC37215-5453-4D03-88DF-99358FBB882A}.Release|Any CPU.Deploy.0 = Release|Any CPU
		{1AC37215-5453-4D03-88DF-99358FBB882A}.Release|ARM.ActiveCfg = Release|Any CPU
		{1AC37215-5453-4D03-88DF-99358FBB882A}.Release|ARM.Build.0 = Release|Any CPU
		{1AC37215-5453-4D03-88DF-99358FBB882A}.Release|ARM.Deploy.0 = Release|Any CPU
		{1AC37215-5453-4D03-88DF-99358FBB882A}.Release|iPhone.ActiveCfg = Release|Any CPU
		{1AC37215-5453-4D03-88DF-99358FBB882A}.Release|iPhone.Build.0 = Release|Any CPU
		{1AC37215-5453-4D03-88DF-99358FBB882A}.Release|iPhone.Deploy.0 = Release|Any CPU
		{1AC37215-5453-4D03-88DF-99358FBB882A}.Release|iPhoneSimulator.ActiveCfg = Release|Any CPU
		{1AC37215-5453-4D03-88DF-99358FBB882A}.Release|iPhoneSimulator.Build.0 = Release|Any CPU
		{1AC37215-5453-4D03-88DF-99358FBB882A}.Release|iPhoneSimulator.Deploy.0 = Release|Any CPU
		{1AC37215-5453-4D03-88DF-99358FBB882A}.Release|x64.ActiveCfg = Release|Any CPU
		{1AC37215-5453-4D03-88DF-99358FBB882A}.Release|x64.Build.0 = Release|Any CPU
		{1AC37215-5453-4D03-88DF-99358FBB882A}.Release|x64.Deploy.0 = Release|Any CPU
		{1AC37215-5453-4D03-88DF-99358FBB882A}.Release|x86.ActiveCfg = Release|Any CPU
		{1AC37215-5453-4D03-88DF-99358FBB882A}.Release|x86.Build.0 = Release|Any CPU
		{1AC37215-5453-4D03-88DF-99358FBB882A}.Release|x86.Deploy.0 = Release|Any CPU
		{D98CD877-4A03-4EDC-8F71-B40232B99625}.Debug|Any CPU.ActiveCfg = Debug|iPhone
		{D98CD877-4A03-4EDC-8F71-B40232B99625}.Debug|Any CPU.Build.0 = Debug|iPhone
		{D98CD877-4A03-4EDC-8F71-B40232B99625}.Debug|Any CPU.Deploy.0 = Debug|iPhone
		{D98CD877-4A03-4EDC-8F71-B40232B99625}.Debug|ARM.ActiveCfg = Debug|iPhoneSimulator
		{D98CD877-4A03-4EDC-8F71-B40232B99625}.Debug|ARM.Build.0 = Debug|iPhoneSimulator
		{D98CD877-4A03-4EDC-8F71-B40232B99625}.Debug|ARM.Deploy.0 = Debug|iPhoneSimulator
		{D98CD877-4A03-4EDC-8F71-B40232B99625}.Debug|iPhone.ActiveCfg = Debug|iPhone
		{D98CD877-4A03-4EDC-8F71-B40232B99625}.Debug|iPhone.Build.0 = Debug|iPhone
		{D98CD877-4A03-4EDC-8F71-B40232B99625}.Debug|iPhone.Deploy.0 = Debug|iPhone
		{D98CD877-4A03-4EDC-8F71-B40232B99625}.Debug|iPhoneSimulator.ActiveCfg = Debug|iPhoneSimulator
		{D98CD877-4A03-4EDC-8F71-B40232B99625}.Debug|iPhoneSimulator.Build.0 = Debug|iPhoneSimulator
		{D98CD877-4A03-4EDC-8F71-B40232B99625}.Debug|iPhoneSimulator.Deploy.0 = Debug|iPhoneSimulator
		{D98CD877-4A03-4EDC-8F71-B40232B99625}.Debug|x64.ActiveCfg = Debug|iPhone
		{D98CD877-4A03-4EDC-8F71-B40232B99625}.Debug|x64.Build.0 = Debug|iPhone
		{D98CD877-4A03-4EDC-8F71-B40232B99625}.Debug|x64.Deploy.0 = Debug|iPhone
		{D98CD877-4A03-4EDC-8F71-B40232B99625}.Debug|x86.ActiveCfg = Debug|iPhone
		{D98CD877-4A03-4EDC-8F71-B40232B99625}.Debug|x86.Build.0 = Debug|iPhone
		{D98CD877-4A03-4EDC-8F71-B40232B99625}.Debug|x86.Deploy.0 = Debug|iPhone
		{D98CD877-4A03-4EDC-8F71-B40232B99625}.Release|Any CPU.ActiveCfg = Release|iPhone
		{D98CD877-4A03-4EDC-8F71-B40232B99625}.Release|Any CPU.Build.0 = Release|iPhone
		{D98CD877-4A03-4EDC-8F71-B40232B99625}.Release|Any CPU.Deploy.0 = Release|iPhone
		{D98CD877-4A03-4EDC-8F71-B40232B99625}.Release|ARM.ActiveCfg = Release|iPhone
		{D98CD877-4A03-4EDC-8F71-B40232B99625}.Release|ARM.Build.0 = Release|iPhone
		{D98CD877-4A03-4EDC-8F71-B40232B99625}.Release|ARM.Deploy.0 = Release|iPhone
		{D98CD877-4A03-4EDC-8F71-B40232B99625}.Release|iPhone.ActiveCfg = Release|iPhone
		{D98CD877-4A03-4EDC-8F71-B40232B99625}.Release|iPhone.Build.0 = Release|iPhone
		{D98CD877-4A03-4EDC-8F71-B40232B99625}.Release|iPhone.Deploy.0 = Release|iPhone
		{D98CD877-4A03-4EDC-8F71-B40232B99625}.Release|iPhoneSimulator.ActiveCfg = Release|iPhoneSimulator
		{D98CD877-4A03-4EDC-8F71-B40232B99625}.Release|iPhoneSimulator.Build.0 = Release|iPhoneSimulator
		{D98CD877-4A03-4EDC-8F71-B40232B99625}.Release|iPhoneSimulator.Deploy.0 = Release|iPhoneSimulator
		{D98CD877-4A03-4EDC-8F71-B40232B99625}.Release|x64.ActiveCfg = Release|iPhone
		{D98CD877-4A03-4EDC-8F71-B40232B99625}.Release|x64.Build.0 = Release|iPhone
		{D98CD877-4A03-4EDC-8F71-B40232B99625}.Release|x64.Deploy.0 = Release|iPhone
		{D98CD877-4A03-4EDC-8F71-B40232B99625}.Release|x86.ActiveCfg = Release|iPhone
		{D98CD877-4A03-4EDC-8F71-B40232B99625}.Release|x86.Build.0 = Release|iPhone
		{D98CD877-4A03-4EDC-8F71-B40232B99625}.Release|x86.Deploy.0 = Release|iPhone
		{7401BE9B-CE33-4A3E-A951-7A14791EA085}.Debug|Any CPU.ActiveCfg = Debug|Any CPU
		{7401BE9B-CE33-4A3E-A951-7A14791EA085}.Debug|Any CPU.Build.0 = Debug|Any CPU
		{7401BE9B-CE33-4A3E-A951-7A14791EA085}.Debug|Any CPU.Deploy.0 = Debug|Any CPU
		{7401BE9B-CE33-4A3E-A951-7A14791EA085}.Debug|ARM.ActiveCfg = Debug|Any CPU
		{7401BE9B-CE33-4A3E-A951-7A14791EA085}.Debug|ARM.Build.0 = Debug|Any CPU
		{7401BE9B-CE33-4A3E-A951-7A14791EA085}.Debug|ARM.Deploy.0 = Debug|Any CPU
		{7401BE9B-CE33-4A3E-A951-7A14791EA085}.Debug|iPhone.ActiveCfg = Debug|Any CPU
		{7401BE9B-CE33-4A3E-A951-7A14791EA085}.Debug|iPhone.Build.0 = Debug|Any CPU
		{7401BE9B-CE33-4A3E-A951-7A14791EA085}.Debug|iPhone.Deploy.0 = Debug|Any CPU
		{7401BE9B-CE33-4A3E-A951-7A14791EA085}.Debug|iPhoneSimulator.ActiveCfg = Debug|Any CPU
		{7401BE9B-CE33-4A3E-A951-7A14791EA085}.Debug|iPhoneSimulator.Build.0 = Debug|Any CPU
		{7401BE9B-CE33-4A3E-A951-7A14791EA085}.Debug|iPhoneSimulator.Deploy.0 = Debug|Any CPU
		{7401BE9B-CE33-4A3E-A951-7A14791EA085}.Debug|x64.ActiveCfg = Debug|Any CPU
		{7401BE9B-CE33-4A3E-A951-7A14791EA085}.Debug|x64.Build.0 = Debug|Any CPU
		{7401BE9B-CE33-4A3E-A951-7A14791EA085}.Debug|x64.Deploy.0 = Debug|Any CPU
		{7401BE9B-CE33-4A3E-A951-7A14791EA085}.Debug|x86.ActiveCfg = Debug|Any CPU
		{7401BE9B-CE33-4A3E-A951-7A14791EA085}.Debug|x86.Build.0 = Debug|Any CPU
		{7401BE9B-CE33-4A3E-A951-7A14791EA085}.Debug|x86.Deploy.0 = Debug|Any CPU
		{7401BE9B-CE33-4A3E-A951-7A14791EA085}.Release|Any CPU.ActiveCfg = Release|Any CPU
		{7401BE9B-CE33-4A3E-A951-7A14791EA085}.Release|Any CPU.Build.0 = Release|Any CPU
		{7401BE9B-CE33-4A3E-A951-7A14791EA085}.Release|Any CPU.Deploy.0 = Release|Any CPU
		{7401BE9B-CE33-4A3E-A951-7A14791EA085}.Release|ARM.ActiveCfg = Release|Any CPU
		{7401BE9B-CE33-4A3E-A951-7A14791EA085}.Release|ARM.Build.0 = Release|Any CPU
		{7401BE9B-CE33-4A3E-A951-7A14791EA085}.Release|ARM.Deploy.0 = Release|Any CPU
		{7401BE9B-CE33-4A3E-A951-7A14791EA085}.Release|iPhone.ActiveCfg = Release|Any CPU
		{7401BE9B-CE33-4A3E-A951-7A14791EA085}.Release|iPhone.Build.0 = Release|Any CPU
		{7401BE9B-CE33-4A3E-A951-7A14791EA085}.Release|iPhone.Deploy.0 = Release|Any CPU
		{7401BE9B-CE33-4A3E-A951-7A14791EA085}.Release|iPhoneSimulator.ActiveCfg = Release|Any CPU
		{7401BE9B-CE33-4A3E-A951-7A14791EA085}.Release|iPhoneSimulator.Build.0 = Release|Any CPU
		{7401BE9B-CE33-4A3E-A951-7A14791EA085}.Release|iPhoneSimulator.Deploy.0 = Release|Any CPU
		{7401BE9B-CE33-4A3E-A951-7A14791EA085}.Release|x64.ActiveCfg = Release|Any CPU
		{7401BE9B-CE33-4A3E-A951-7A14791EA085}.Release|x64.Build.0 = Release|Any CPU
		{7401BE9B-CE33-4A3E-A951-7A14791EA085}.Release|x64.Deploy.0 = Release|Any CPU
		{7401BE9B-CE33-4A3E-A951-7A14791EA085}.Release|x86.ActiveCfg = Release|Any CPU
		{7401BE9B-CE33-4A3E-A951-7A14791EA085}.Release|x86.Build.0 = Release|Any CPU
		{7401BE9B-CE33-4A3E-A951-7A14791EA085}.Release|x86.Deploy.0 = Release|Any CPU
	EndGlobalSection
	GlobalSection(SolutionProperties) = preSolution
		HideSolutionNode = FALSE
	EndGlobalSection
	GlobalSection(ExtensibilityGlobals) = postSolution
		SolutionGuid = {A710B09D-6E28-426E-8106-32965ABACAF6}
	EndGlobalSection
EndGlobal
